
Microsoft Visual Studio Solution File, Format Version 11.00
# Visual Studio 2010
Project("{FAE04EC0-301F-11D3-BF4B-00C04F79EFBC}") = "TANYA", "TANYA\TANYA.csproj", "{8AAA61B5-8296-4237-9244-25D8A883EAFB}"
EndProject
Global
	GlobalSection(SolutionConfigurationPlatforms) = preSolution
		Debug|x86 = Debug|x86
		Release|x86 = Release|x86
	EndGlobalSection
	GlobalSection(ProjectConfigurationPlatforms) = postSolution
		{8AAA61B5-8296-4237-9244-25D8A883EAFB}.Debug|x86.ActiveCfg = Debug|x86
		{8AAA61B5-8296-4237-9244-25D8A883EAFB}.Debug|x86.Build.0 = Debug|x86
		{8AAA61B5-8296-4237-9244-25D8A883EAFB}.Release|x86.ActiveCfg = Release|x86
		{8AAA61B5-8296-4237-9244-25D8A883EAFB}.Release|x86.Build.0 = Release|x86
	EndGlobalSection
	GlobalSection(SolutionProperties) = preSolution
		HideSolutionNode = FALSE
	EndGlobalSection
EndGlobal
